
Microsoft Visual Studio Solution File, Format Version 12.00
# Visual Studio Version 17
VisualStudioVersion = 17.6.33829.357
MinimumVisualStudioVersion = 10.0.40219.1
Project("{FAE04EC0-301F-11D3-BF4B-00C04F79EFBC}") = "BE-MeGraduo", "BE-MeGraduo\BE-MeGraduo.csproj", "{FFFA65B0-8B37-4658-BA50-873B64BD2890}"
EndProject
Global
	GlobalSection(SolutionConfigurationPlatforms) = preSolution
		Debug|Any CPU = Debug|Any CPU
		Release|Any CPU = Release|Any CPU
	EndGlobalSection
	GlobalSection(ProjectConfigurationPlatforms) = postSolution
		{FFFA65B0-8B37-4658-BA50-873B64BD2890}.Debug|Any CPU.ActiveCfg = Debug|Any CPU
		{FFFA65B0-8B37-4658-BA50-873B64BD2890}.Debug|Any CPU.Build.0 = Debug|Any CPU
		{FFFA65B0-8B37-4658-BA50-873B64BD2890}.Release|Any CPU.ActiveCfg = Release|Any CPU
		{FFFA65B0-8B37-4658-BA50-873B64BD2890}.Release|Any CPU.Build.0 = Release|Any CPU
	EndGlobalSection
	GlobalSection(SolutionProperties) = preSolution
		HideSolutionNode = FALSE
	EndGlobalSection
	GlobalSection(ExtensibilityGlobals) = postSolution
		SolutionGuid = {390A862C-78ED-4181-90CF-59801E9852F7}
	EndGlobalSection
EndGlobal
